
Microsoft Visual Studio Solution File, Format Version 12.00
# Visual Studio Version 16
VisualStudioVersion = 16.0.30611.23
MinimumVisualStudioVersion = 10.0.40219.1
Project("{FAE04EC0-301F-11D3-BF4B-00C04F79EFBC}") = "PSA-Arduino-NAC", "PSA-Arduino-NAC\PSA-Arduino-NAC.csproj", "{45879B02-84E7-4C2B-A7E5-E2EF8BDD28F7}"
EndProject
Global
	GlobalSection(SolutionConfigurationPlatforms) = preSolution
		Debug|Any CPU = Debug|Any CPU
		Release|Any CPU = Release|Any CPU
	EndGlobalSection
	GlobalSection(ProjectConfigurationPlatforms) = postSolution
		{45879B02-84E7-4C2B-A7E5-E2EF8BDD28F7}.Debug|Any CPU.ActiveCfg = Debug|Any CPU
		{45879B02-84E7-4C2B-A7E5-E2EF8BDD28F7}.Debug|Any CPU.Build.0 = Debug|Any CPU
		{45879B02-84E7-4C2B-A7E5-E2EF8BDD28F7}.Release|Any CPU.ActiveCfg = Release|Any CPU
		{45879B02-84E7-4C2B-A7E5-E2EF8BDD28F7}.Release|Any CPU.Build.0 = Release|Any CPU
	EndGlobalSection
	GlobalSection(SolutionProperties) = preSolution
		HideSolutionNode = FALSE
	EndGlobalSection
	GlobalSection(ExtensibilityGlobals) = postSolution
		SolutionGuid = {6D6B92C5-9FB2-473B-8D38-F6F72FFFBAAF}
	EndGlobalSection
EndGlobal
